
Microsoft Visual Studio Solution File, Format Version 12.00
# Visual Studio Version 17
VisualStudioVersion = 17.8.34408.163
MinimumVisualStudioVersion = 10.0.40219.1
Project("{9A19103F-16F7-4668-BE54-9A1E7A4F7556}") = "BulkyWeb", "BulkyWeb\BulkyWeb.csproj", "{17841215-DB95-4483-A10B-1E3068C94AF7}"
EndProject
Project("{FAE04EC0-301F-11D3-BF4B-00C04F79EFBC}") = "BulkyWebRazor_Temp", "BulkyWebRazor_Temp\BulkyWebRazor_Temp.csproj", "{FEFE47B4-F998-48CD-83B4-B316EE888BD2}"
EndProject
Project("{FAE04EC0-301F-11D3-BF4B-00C04F79EFBC}") = "Bulky.DataAccess", "Bulky.DataAccess\Bulky.DataAccess.csproj", "{BAFEC168-AC39-4A22-A991-04932056AEEB}"
EndProject
Project("{FAE04EC0-301F-11D3-BF4B-00C04F79EFBC}") = "Bulky.Models", "Bulky.Models\Bulky.Models.csproj", "{A77AEBF3-8176-46A8-9D23-AE4B5B47F3BB}"
EndProject
Project("{FAE04EC0-301F-11D3-BF4B-00C04F79EFBC}") = "Bulky.Utility", "Bulky.Utility\Bulky.Utility.csproj", "{E57D33A7-53B4-46A4-8D3E-6D71052BE0E9}"
EndProject
Global
	GlobalSection(SolutionConfigurationPlatforms) = preSolution
		Debug|Any CPU = Debug|Any CPU
		Release|Any CPU = Release|Any CPU
	EndGlobalSection
	GlobalSection(ProjectConfigurationPlatforms) = postSolution
		{17841215-DB95-4483-A10B-1E3068C94AF7}.Debug|Any CPU.ActiveCfg = Debug|Any CPU
		{17841215-DB95-4483-A10B-1E3068C94AF7}.Debug|Any CPU.Build.0 = Debug|Any CPU
		{17841215-DB95-4483-A10B-1E3068C94AF7}.Release|Any CPU.ActiveCfg = Release|Any CPU
		{17841215-DB95-4483-A10B-1E3068C94AF7}.Release|Any CPU.Build.0 = Release|Any CPU
		{FEFE47B4-F998-48CD-83B4-B316EE888BD2}.Debug|Any CPU.ActiveCfg = Debug|Any CPU
		{FEFE47B4-F998-48CD-83B4-B316EE888BD2}.Debug|Any CPU.Build.0 = Debug|Any CPU
		{FEFE47B4-F998-48CD-83B4-B316EE888BD2}.Release|Any CPU.ActiveCfg = Release|Any CPU
		{FEFE47B4-F998-48CD-83B4-B316EE888BD2}.Release|Any CPU.Build.0 = Release|Any CPU
		{BAFEC168-AC39-4A22-A991-04932056AEEB}.Debug|Any CPU.ActiveCfg = Debug|Any CPU
		{BAFEC168-AC39-4A22-A991-04932056AEEB}.Debug|Any CPU.Build.0 = Debug|Any CPU
		{BAFEC168-AC39-4A22-A991-04932056AEEB}.Release|Any CPU.ActiveCfg = Release|Any CPU
		{BAFEC168-AC39-4A22-A991-04932056AEEB}.Release|Any CPU.Build.0 = Release|Any CPU
		{A77AEBF3-8176-46A8-9D23-AE4B5B47F3BB}.Debug|Any CPU.ActiveCfg = Debug|Any CPU
		{A77AEBF3-8176-46A8-9D23-AE4B5B47F3BB}.Debug|Any CPU.Build.0 = Debug|Any CPU
		{A77AEBF3-8176-46A8-9D23-AE4B5B47F3BB}.Release|Any CPU.ActiveCfg = Release|Any CPU
		{A77AEBF3-8176-46A8-9D23-AE4B5B47F3BB}.Release|Any CPU.Build.0 = Release|Any CPU
		{E57D33A7-53B4-46A4-8D3E-6D71052BE0E9}.Debug|Any CPU.ActiveCfg = Debug|Any CPU
		{E57D33A7-53B4-46A4-8D3E-6D71052BE0E9}.Debug|Any CPU.Build.0 = Debug|Any CPU
		{E57D33A7-53B4-46A4-8D3E-6D71052BE0E9}.Release|Any CPU.ActiveCfg = Release|Any CPU
		{E57D33A7-53B4-46A4-8D3E-6D71052BE0E9}.Release|Any CPU.Build.0 = Release|Any CPU
	EndGlobalSection
	GlobalSection(SolutionProperties) = preSolution
		HideSolutionNode = FALSE
	EndGlobalSection
	GlobalSection(ExtensibilityGlobals) = postSolution
		SolutionGuid = {E7C14D3A-A626-445B-9467-DEA1D07CE4C0}
	EndGlobalSection
EndGlobal
